Microsoft Visual Studio Solution File, Format Version 12.00
# Visual Studio 15
VisualStudioVersion = 15.0.26124.0
MinimumVisualStudioVersion = 15.0.26124.0
Project("{2150E333-8FDC-42A3-9474-1A3956D46DE8}") = ".paket", ".paket", "{328383A4-5E1D-4089-AB92-B57F928988C5}"
	ProjectSection(SolutionItems) = preProject
		paket.dependencies = paket.dependencies
	EndProjectSection
EndProject
Project("{FAE04EC0-301F-11D3-BF4B-00C04F79EFBC}") = "Integrity", "src/Integrity/Integrity.csproj", "{C91C7AC8-D052-4837-9203-E89E05B7AECC}"
EndProject
Project("{FAE04EC0-301F-11D3-BF4B-00C04F79EFBC}") = "Integrity.Specs", "tests/Integrity.Specs/Integrity.Specs.csproj", "{CE33D511-FB96-4342-895A-A8CF86DAE975}"
EndProject
Project("{FAE04EC0-301F-11D3-BF4B-00C04F79EFBC}") = "Integrity.Sample", "samples/Integrity.Sample/Integrity.Sample.csproj", "{FF188AD0-A3D7-4839-90C1-B872951A325B}"
EndProject
Global
	GlobalSection(SolutionConfigurationPlatforms) = preSolution
		Debug|Any CPU = Debug|Any CPU
		Debug|x64 = Debug|x64
		Debug|x86 = Debug|x86
		Release|Any CPU = Release|Any CPU
		Release|x64 = Release|x64
		Release|x86 = Release|x86
	EndGlobalSection
	GlobalSection(SolutionProperties) = preSolution
		HideSolutionNode = FALSE
	EndGlobalSection
	GlobalSection(ProjectConfigurationPlatforms) = postSolution
		{C91C7AC8-D052-4837-9203-E89E05B7AECC}.Debug|Any CPU.ActiveCfg = Debug|Any CPU
		{C91C7AC8-D052-4837-9203-E89E05B7AECC}.Debug|Any CPU.Build.0 = Debug|Any CPU
		{C91C7AC8-D052-4837-9203-E89E05B7AECC}.Debug|x64.ActiveCfg = Debug|Any CPU
		{C91C7AC8-D052-4837-9203-E89E05B7AECC}.Debug|x64.Build.0 = Debug|Any CPU
		{C91C7AC8-D052-4837-9203-E89E05B7AECC}.Debug|x86.ActiveCfg = Debug|Any CPU
		{C91C7AC8-D052-4837-9203-E89E05B7AECC}.Debug|x86.Build.0 = Debug|Any CPU
		{C91C7AC8-D052-4837-9203-E89E05B7AECC}.Release|Any CPU.ActiveCfg = Release|Any CPU
		{C91C7AC8-D052-4837-9203-E89E05B7AECC}.Release|Any CPU.Build.0 = Release|Any CPU
		{C91C7AC8-D052-4837-9203-E89E05B7AECC}.Release|x64.ActiveCfg = Release|Any CPU
		{C91C7AC8-D052-4837-9203-E89E05B7AECC}.Release|x64.Build.0 = Release|Any CPU
		{C91C7AC8-D052-4837-9203-E89E05B7AECC}.Release|x86.ActiveCfg = Release|Any CPU
		{C91C7AC8-D052-4837-9203-E89E05B7AECC}.Release|x86.Build.0 = Release|Any CPU
		{CE33D511-FB96-4342-895A-A8CF86DAE975}.Debug|Any CPU.ActiveCfg = Debug|Any CPU
		{CE33D511-FB96-4342-895A-A8CF86DAE975}.Debug|Any CPU.Build.0 = Debug|Any CPU
		{CE33D511-FB96-4342-895A-A8CF86DAE975}.Debug|x64.ActiveCfg = Debug|Any CPU
		{CE33D511-FB96-4342-895A-A8CF86DAE975}.Debug|x64.Build.0 = Debug|Any CPU
		{CE33D511-FB96-4342-895A-A8CF86DAE975}.Debug|x86.ActiveCfg = Debug|Any CPU
		{CE33D511-FB96-4342-895A-A8CF86DAE975}.Debug|x86.Build.0 = Debug|Any CPU
		{CE33D511-FB96-4342-895A-A8CF86DAE975}.Release|Any CPU.ActiveCfg = Release|Any CPU
		{CE33D511-FB96-4342-895A-A8CF86DAE975}.Release|Any CPU.Build.0 = Release|Any CPU
		{CE33D511-FB96-4342-895A-A8CF86DAE975}.Release|x64.ActiveCfg = Release|Any CPU
		{CE33D511-FB96-4342-895A-A8CF86DAE975}.Release|x64.Build.0 = Release|Any CPU
		{CE33D511-FB96-4342-895A-A8CF86DAE975}.Release|x86.ActiveCfg = Release|Any CPU
		{CE33D511-FB96-4342-895A-A8CF86DAE975}.Release|x86.Build.0 = Release|Any CPU
		{FF188AD0-A3D7-4839-90C1-B872951A325B}.Debug|Any CPU.ActiveCfg = Debug|Any CPU
		{FF188AD0-A3D7-4839-90C1-B872951A325B}.Debug|Any CPU.Build.0 = Debug|Any CPU
		{FF188AD0-A3D7-4839-90C1-B872951A325B}.Debug|x64.ActiveCfg = Debug|Any CPU
		{FF188AD0-A3D7-4839-90C1-B872951A325B}.Debug|x64.Build.0 = Debug|Any CPU
		{FF188AD0-A3D7-4839-90C1-B872951A325B}.Debug|x86.ActiveCfg = Debug|Any CPU
		{FF188AD0-A3D7-4839-90C1-B872951A325B}.Debug|x86.Build.0 = Debug|Any CPU
		{FF188AD0-A3D7-4839-90C1-B872951A325B}.Release|Any CPU.ActiveCfg = Release|Any CPU
		{FF188AD0-A3D7-4839-90C1-B872951A325B}.Release|Any CPU.Build.0 = Release|Any CPU
		{FF188AD0-A3D7-4839-90C1-B872951A325B}.Release|x64.ActiveCfg = Release|Any CPU
		{FF188AD0-A3D7-4839-90C1-B872951A325B}.Release|x64.Build.0 = Release|Any CPU
		{FF188AD0-A3D7-4839-90C1-B872951A325B}.Release|x86.ActiveCfg = Release|Any CPU
		{FF188AD0-A3D7-4839-90C1-B872951A325B}.Release|x86.Build.0 = Release|Any CPU
	EndGlobalSection
EndGlobal
